
Microsoft Visual Studio Solution File, Format Version 12.00
# Visual Studio Version 17
VisualStudioVersion = 17.2.32526.322
MinimumVisualStudioVersion = 10.0.40219.1
Project("{FAE04EC0-301F-11D3-BF4B-00C04F79EFBC}") = "Api_test", "Api_test\Api_test.csproj", "{5937752B-B02E-4289-90EA-8F415A2D82BC}"
EndProject
Global
	GlobalSection(SolutionConfigurationPlatforms) = preSolution
		Debug|Any CPU = Debug|Any CPU
		Release|Any CPU = Release|Any CPU
	EndGlobalSection
	GlobalSection(ProjectConfigurationPlatforms) = postSolution
		{5937752B-B02E-4289-90EA-8F415A2D82BC}.Debug|Any CPU.ActiveCfg = Debug|Any CPU
		{5937752B-B02E-4289-90EA-8F415A2D82BC}.Debug|Any CPU.Build.0 = Debug|Any CPU
		{5937752B-B02E-4289-90EA-8F415A2D82BC}.Release|Any CPU.ActiveCfg = Release|Any CPU
		{5937752B-B02E-4289-90EA-8F415A2D82BC}.Release|Any CPU.Build.0 = Release|Any CPU
	EndGlobalSection
	GlobalSection(SolutionProperties) = preSolution
		HideSolutionNode = FALSE
	EndGlobalSection
	GlobalSection(ExtensibilityGlobals) = postSolution
		SolutionGuid = {5464312D-BC7D-4AF5-8473-C3C79F0F5E16}
	EndGlobalSection
EndGlobal
